
Microsoft Visual Studio Solution File, Format Version 12.00
# Visual Studio Version 16
VisualStudioVersion = 16.0.31205.134
MinimumVisualStudioVersion = 10.0.40219.1
Project("{FAE04EC0-301F-11D3-BF4B-00C04F79EFBC}") = "niz3", "niz3\niz3.csproj", "{49BCBDD7-F509-47FA-B0AD-0F6BFF353F65}"
EndProject
Global
	GlobalSection(SolutionConfigurationPlatforms) = preSolution
		Debug|Any CPU = Debug|Any CPU
		Release|Any CPU = Release|Any CPU
	EndGlobalSection
	GlobalSection(ProjectConfigurationPlatforms) = postSolution
		{49BCBDD7-F509-47FA-B0AD-0F6BFF353F65}.Debug|Any CPU.ActiveCfg = Debug|Any CPU
		{49BCBDD7-F509-47FA-B0AD-0F6BFF353F65}.Debug|Any CPU.Build.0 = Debug|Any CPU
		{49BCBDD7-F509-47FA-B0AD-0F6BFF353F65}.Release|Any CPU.ActiveCfg = Release|Any CPU
		{49BCBDD7-F509-47FA-B0AD-0F6BFF353F65}.Release|Any CPU.Build.0 = Release|Any CPU
	EndGlobalSection
	GlobalSection(SolutionProperties) = preSolution
		HideSolutionNode = FALSE
	EndGlobalSection
	GlobalSection(ExtensibilityGlobals) = postSolution
		SolutionGuid = {248EC816-D42B-45DD-A06D-7E5558A310BF}
	EndGlobalSection
EndGlobal
